// !$*UTF8*$!
{
	archiveVersion = 1;
	classes = {
	};
	objectVersion = 46;
	objects = {

/* Begin PBXBuildFile section */
		593EDB8E1CD28E7800B7B9B2 /* MotorVehicle.cpp in Sources */ = {isa = PBXBuildFile; fileRef = 593EDB8D1CD28E7800B7B9B2 /* MotorVehicle.cpp */; };
		593EDB911CD28EA500B7B9B2 /* Vehicle.cpp in Sources */ = {isa = PBXBuildFile; fileRef = 593EDB8F1CD28EA500B7B9B2 /* Vehicle.cpp */; };
		593EDB941CD28ECD00B7B9B2 /* main.cpp in Sources */ = {isa = PBXBuildFile; fileRef = 593EDB921CD28ECD00B7B9B2 /* main.cpp */; };
		593EDB9A1CD2951500B7B9B2 /* libVehicleQueue.a in Frameworks */ = {isa = PBXBuildFile; fileRef = 593EDB991CD2951500B7B9B2 /* libVehicleQueue.a */; settings = {ATTRIBUTES = (Required, ); }; };
		593EDB9E1CD2997600B7B9B2 /* Car.cpp in Sources */ = {isa = PBXBuildFile; fileRef = 593EDB9C1CD2997600B7B9B2 /* Car.cpp */; };
/* End PBXBuildFile section */

/* Begin PBXCopyFilesBuildPhase section */
		59D1C3811CBF68E600F577E0 /* CopyFiles */ = {
			isa = PBXCopyFilesBuildPhase;
			buildActionMask = 2147483647;
			dstPath = /usr/share/man/man1/;
			dstSubfolderSpec = 0;
			files = (
			);
			runOnlyForDeploymentPostprocessing = 1;
		};
/* End PBXCopyFilesBuildPhase section */

/* Begin PBXFileReference section */
		593EDB8D1CD28E7800B7B9B2 /* MotorVehicle.cpp */ = {isa = PBXFileReference; fileEncoding = 4; lastKnownFileType = sourcecode.cpp.cpp; path = MotorVehicle.cpp; sourceTree = "<group>"; };
		593EDB8F1CD28EA500B7B9B2 /* Vehicle.cpp */ = {isa = PBXFileReference; fileEncoding = 4; lastKnownFileType = sourcecode.cpp.cpp; path = Vehicle.cpp; sourceTree = "<group>"; };
		593EDB901CD28EA500B7B9B2 /* Vehicle.h */ = {isa = PBXFileReference; fileEncoding = 4; lastKnownFileType = sourcecode.c.h; path = Vehicle.h; sourceTree = "<group>"; };
		593EDB921CD28ECD00B7B9B2 /* main.cpp */ = {isa = PBXFileReference; fileEncoding = 4; lastKnownFileType = sourcecode.cpp.cpp; path = main.cpp; sourceTree = "<group>"; };
		593EDB931CD28ECD00B7B9B2 /* MotorVehicle.h */ = {isa = PBXFileReference; fileEncoding = 4; lastKnownFileType = sourcecode.c.h; path = MotorVehicle.h; sourceTree = "<group>"; };
		593EDB991CD2951500B7B9B2 /* libVehicleQueue.a */ = {isa = PBXFileReference; lastKnownFileType = archive.ar; name = libVehicleQueue.a; path = "../../Library/Developer/Xcode/DerivedData/Traffic-ehokagxykvkitwaiehirvtmbaklv/Build/Products/Debug/libVehicleQueue.a"; sourceTree = "<group>"; };
		593EDB9C1CD2997600B7B9B2 /* Car.cpp */ = {isa = PBXFileReference; fileEncoding = 4; lastKnownFileType = sourcecode.cpp.cpp; path = Car.cpp; sourceTree = "<group>"; };
		593EDB9D1CD2997600B7B9B2 /* Car.h */ = {isa = PBXFileReference; fileEncoding = 4; lastKnownFileType = sourcecode.c.h; path = Car.h; sourceTree = "<group>"; };
		59D1C3831CBF68E600F577E0 /* Traffic */ = {isa = PBXFileReference; explicitFileType = "compiled.mach-o.executable"; includeInIndex = 0; path = Traffic; sourceTree = BUILT_PRODUCTS_DIR; };
/* End PBXFileReference section */

/* Begin PBXFrameworksBuildPhase section */
		59D1C3801CBF68E600F577E0 /* Frameworks */ = {
			isa = PBXFrameworksBuildPhase;
			buildActionMask = 2147483647;
			files = (
				593EDB9A1CD2951500B7B9B2 /* libVehicleQueue.a in Frameworks */,
			);
			runOnlyForDeploymentPostprocessing = 0;
		};
/* End PBXFrameworksBuildPhase section */

/* Begin PBXGroup section */
		593EDB9B1CD2952A00B7B9B2 /* Libraries */ = {
			isa = PBXGroup;
			children = (
				593EDB991CD2951500B7B9B2 /* libVehicleQueue.a */,
			);
			name = Libraries;
			sourceTree = "<group>";
		};
		59D1C37A1CBF68E600F577E0 = {
			isa = PBXGroup;
			children = (
				593EDB921CD28ECD00B7B9B2 /* main.cpp */,
				593EDB9C1CD2997600B7B9B2 /* Car.cpp */,
				593EDB9D1CD2997600B7B9B2 /* Car.h */,
				593EDB8D1CD28E7800B7B9B2 /* MotorVehicle.cpp */,
				593EDB931CD28ECD00B7B9B2 /* MotorVehicle.h */,
				593EDB8F1CD28EA500B7B9B2 /* Vehicle.cpp */,
				593EDB901CD28EA500B7B9B2 /* Vehicle.h */,
				593EDB9B1CD2952A00B7B9B2 /* Libraries */,
				59D1C3841CBF68E600F577E0 /* Products */,
			);
			sourceTree = "<group>";
		};
		59D1C3841CBF68E600F577E0 /* Products */ = {
			isa = PBXGroup;
			children = (
				59D1C3831CBF68E600F577E0 /* Traffic */,
			);
			name = Products;
			sourceTree = "<group>";
		};
/* End PBXGroup section */

/* Begin PBXNativeTarget section */
		59D1C3821CBF68E600F577E0 /* Traffic */ = {
			isa = PBXNativeTarget;
			buildConfigurationList = 59D1C38A1CBF68E700F577E0 /* Build configuration list for PBXNativeTarget "Traffic" */;
			buildPhases = (
				59D1C37F1CBF68E600F577E0 /* Sources */,
				59D1C3801CBF68E600F577E0 /* Frameworks */,
				59D1C3811CBF68E600F577E0 /* CopyFiles */,
			);
			buildRules = (
			);
			dependencies = (
			);
			name = Traffic;
			productName = Traffic;
			productReference = 59D1C3831CBF68E600F577E0 /* Traffic */;
			productType = "com.apple.product-type.tool";
		};
/* End PBXNativeTarget section */

/* Begin PBXProject section */
		59D1C37B1CBF68E600F577E0 /* Project object */ = {
			isa = PBXProject;
			attributes = {
				LastUpgradeCheck = 0730;
				ORGANIZATIONNAME = de.christophwagner;
				TargetAttributes = {
					59D1C3821CBF68E600F577E0 = {
						CreatedOnToolsVersion = 7.3;
					};
				};
			};
			buildConfigurationList = 59D1C37E1CBF68E600F577E0 /* Build configuration list for PBXProject "Traffic" */;
			compatibilityVersion = "Xcode 3.2";
			developmentRegion = English;
			hasScannedForEncodings = 0;
			knownRegions = (
				en,
			);
			mainGroup = 59D1C37A1CBF68E600F577E0;
			productRefGroup = 59D1C3841CBF68E600F577E0 /* Products */;
			projectDirPath = "";
			projectRoot = "";
			targets = (
				59D1C3821CBF68E600F577E0 /* Traffic */,
			);
		};
/* End PBXProject section */

/* Begin PBXSourcesBuildPhase section */
		59D1C37F1CBF68E600F577E0 /* Sources */ = {
			isa = PBXSourcesBuildPhase;
			buildActionMask = 2147483647;
			files = (
				593EDB911CD28EA500B7B9B2 /* Vehicle.cpp in Sources */,
				593EDB8E1CD28E7800B7B9B2 /* MotorVehicle.cpp in Sources */,
				593EDB9E1CD2997600B7B9B2 /* Car.cpp in Sources */,
				593EDB941CD28ECD00B7B9B2 /* main.cpp in Sources */,
			);
			runOnlyForDeploymentPostprocessing = 0;
		};
/* End PBXSourcesBuildPhase section */

/* Begin XCBuildConfiguration section */
		59D1C3881CBF68E600F577E0 /* Debug */ = {
			isa = XCBuildConfiguration;
			buildSettings = {
				ALWAYS_SEARCH_USER_PATHS = NO;
				CLANG_ANALYZER_NONNULL = YES;
				CLANG_CXX_LANGUAGE_STANDARD = "gnu++0x";
				CLANG_CXX_LIBRARY = "libc++";
				CLANG_ENABLE_MODULES = YES;
				CLANG_ENABLE_OBJC_ARC = YES;
				CLANG_WARN_BOOL_CONVERSION = YES;
				CLANG_WARN_CONSTANT_CONVERSION = YES;
				CLANG_WARN_DIRECT_OBJC_ISA_USAGE = YES_ERROR;
				CLANG_WARN_EMPTY_BODY = YES;
				CLANG_WARN_ENUM_CONVERSION = YES;
				CLANG_WARN_INT_CONVERSION = YES;
				CLANG_WARN_OBJC_ROOT_CLASS = YES_ERROR;
				CLANG_WARN_UNREACHABLE_CODE = YES;
				CLANG_WARN__DUPLICATE_METHOD_MATCH = YES;
				CODE_SIGN_IDENTITY = "-";
				COPY_PHASE_STRIP = NO;
				DEBUG_INFORMATION_FORMAT = dwarf;
				ENABLE_STRICT_OBJC_MSGSEND = YES;
				ENABLE_TESTABILITY = YES;
				GCC_C_LANGUAGE_STANDARD = gnu99;
				GCC_DYNAMIC_NO_PIC = NO;
				GCC_NO_COMMON_BLOCKS = YES;
				GCC_OPTIMIZATION_LEVEL = 0;
				GCC_PREPROCESSOR_DEFINITIONS = (
					"DEBUG=1",
					"$(inherited)",
				);
				GCC_WARN_64_TO_32_BIT_CONVERSION = YES;
				GCC_WARN_ABOUT_RETURN_TYPE = YES_ERROR;
				GCC_WARN_UNDECLARED_SELECTOR = YES;
				GCC_WARN_UNINITIALIZED_AUTOS = YES_AGGRESSIVE;
				GCC_WARN_UNUSED_FUNCTION = YES;
				GCC_WARN_UNUSED_VARIABLE = YES;
				MACOSX_DEPLOYMENT_TARGET = 10.11;
				MTL_ENABLE_DEBUG_INFO = YES;
				ONLY_ACTIVE_ARCH = YES;
				SDKROOT = macosx;
			};
			name = Debug;
		};
		59D1C3891CBF68E600F577E0 /* Release */ = {
			isa = XCBuildConfiguration;
			buildSettings = {
				ALWAYS_SEARCH_USER_PATHS = NO;
				CLANG_ANALYZER_NONNULL = YES;
				CLANG_CXX_LANGUAGE_STANDARD = "gnu++0x";
				CLANG_CXX_LIBRARY = "libc++";
				CLANG_ENABLE_MODULES = YES;
				CLANG_ENABLE_OBJC_ARC = YES;
				CLANG_WARN_BOOL_CONVERSION = YES;
				CLANG_WARN_CONSTANT_CONVERSION = YES;
				CLANG_WARN_DIRECT_OBJC_ISA_USAGE = YES_ERROR;
				CLANG_WARN_EMPTY_BODY = YES;
				CLANG_WARN_ENUM_CONVERSION = YES;
				CLANG_WARN_INT_CONVERSION = YES;
				CLANG_WARN_OBJC_ROOT_CLASS = YES_ERROR;
				CLANG_WARN_UNREACHABLE_CODE = YES;
				CLANG_WARN__DUPLICATE_METHOD_MATCH = YES;
				CODE_SIGN_IDENTITY = "-";
				COPY_PHASE_STRIP = NO;
				DEBUG_INFORMATION_FORMAT = "dwarf-with-dsym";
				ENABLE_NS_ASSERTIONS = NO;
				ENABLE_STRICT_OBJC_MSGSEND = YES;
				GCC_C_LANGUAGE_STANDARD = gnu99;
				GCC_NO_COMMON_BLOCKS = YES;
				GCC_WARN_64_TO_32_BIT_CONVERSION = YES;
				GCC_WARN_ABOUT_RETURN_TYPE = YES_ERROR;
				GCC_WARN_UNDECLARED_SELECTOR = YES;
				GCC_WARN_UNINITIALIZED_AUTOS = YES_AGGRESSIVE;
				GCC_WARN_UNUSED_FUNCTION = YES;
				GCC_WARN_UNUSED_VARIABLE = YES;
				MACOSX_DEPLOYMENT_TARGET = 10.11;
				MTL_ENABLE_DEBUG_INFO = NO;
				SDKROOT = macosx;
			};
			name = Release;
		};
		59D1C38B1CBF68E700F577E0 /* Debug */ = {
			isa = XCBuildConfiguration;
			buildSettings = {
				HEADER_SEARCH_PATHS = "~/GitHUB/VehicleQueue/**";
				PRODUCT_NAME = "$(TARGET_NAME)";
			};
			name = Debug;
		};
		59D1C38C1CBF68E700F577E0 /* Release */ = {
			isa = XCBuildConfiguration;
			buildSettings = {
				HEADER_SEARCH_PATHS = "~/GitHUB/VehicleQueue/**";
				PRODUCT_NAME = "$(TARGET_NAME)";
			};
			name = Release;
		};
/* End XCBuildConfiguration section */

/* Begin XCConfigurationList section */
		59D1C37E1CBF68E600F577E0 /* Build configuration list for PBXProject "Traffic" */ = {
			isa = XCConfigurationList;
			buildConfigurations = (
				59D1C3881CBF68E600F577E0 /* Debug */,
				59D1C3891CBF68E600F577E0 /* Release */,
			);
			defaultConfigurationIsVisible = 0;
			defaultConfigurationName = Release;
		};
		59D1C38A1CBF68E700F577E0 /* Build configuration list for PBXNativeTarget "Traffic" */ = {
			isa = XCConfigurationList;
			buildConfigurations = (
				59D1C38B1CBF68E700F577E0 /* Debug */,
				59D1C38C1CBF68E700F577E0 /* Release */,
			);
			defaultConfigurationIsVisible = 0;
			defaultConfigurationName = Release;
		};
/* End XCConfigurationList section */
	};
	rootObject = 59D1C37B1CBF68E600F577E0 /* Project object */;
}
